lockfileVersion: 5.4

specifiers:
  '@types/node': ^16.0.0
  cpx: ^1.4.0
  if-env: ^1.0.4
  rimraf: ^4.1.0
  typescript: ^4.9.5

devDependencies:
  '@types/node': 16.18.11
  cpx: 1.5.0
  if-env: 1.0.4
  rimraf: 4.1.2
  typescript: 4.9.5

packages:

  /@types/node/16.18.11:
    resolution: {integrity: sha1-y7FcEsp8Fshacra9xNSwEVG7PK4=}
    dev: true

  /anymatch/1.3.2:
    resolution: {integrity: sha1-VT3Lj5HjyImEXf26NMd3IbkLnXo=}
    dependencies:
      micromatch: 2.3.11
      normalize-path: 2.1.1
    dev: true

  /arr-diff/2.0.0:
    resolution: {integrity: sha1-jzuCf5Vai9ZpaX5KQlasPOrjVs8=}
    engines: {node: '>=0.10.0'}
    dependencies:
      arr-flatten: 1.1.0
    dev: true

  /arr-diff/4.0.0:
    resolution: {integrity: sha1-1kYQdP6/7HHn4VI1dhoyml3HxSA=}
    engines: {node: '>=0.10.0'}
    dev: true

  /arr-flatten/1.1.0:
    resolution: {integrity: sha1-NgSLv/TntH4TZkQxbJlmnqWukfE=}
    engines: {node: '>=0.10.0'}
    dev: true

  /arr-union/3.1.0:
    resolution: {integrity: sha1-45sJrqne+Gao8gbiiK9jkZuuOcQ=}
    engines: {node: '>=0.10.0'}
    dev: true

  /array-unique/0.2.1:
    resolution: {integrity: sha1-odl8yvy8JiXMcPrc6zalDFiwGlM=}
    engines: {node: '>=0.10.0'}
    dev: true

  /array-unique/0.3.2:
    resolution: {integrity: sha1-qJS3XUvE9s1nnvMkSp/Y9Gri1Cg=}
    engines: {node: '>=0.10.0'}
    dev: true

  /assign-symbols/1.0.0:
    resolution: {integrity: sha1-WWZ/QfrdTyDMvCu5a41Pf3jsA2c=}
    engines: {node: '>=0.10.0'}
    dev: true

  /async-each/1.0.5:
    resolution: {integrity: sha1-buoYSy3w7Anz3uvhZcl8hckR17g=}
    dev: true

  /atob/2.1.2:
    resolution: {integrity: sha1-bZUX654DDSQ2ZmZR6GvZ9vE1M8k=}
    engines: {node: '>= 4.5.0'}
    hasBin: true
    dev: true

  /babel-polyfill/6.26.0:
    resolution: {integrity: sha1-N5k3q8Z9eJWXCtxiHyhM2WbPIVM=}
    dependencies:
      babel-runtime: 6.26.0
      core-js: 2.6.12
      regenerator-runtime: 0.10.5
    dev: true

  /babel-runtime/6.26.0:
    resolution: {integrity: sha1-llxwWGaOgrVde/4E/yM3vItWR/4=}
    dependencies:
      core-js: 2.6.12
      regenerator-runtime: 0.11.1
    dev: true

  /balanced-match/1.0.2:
    resolution: {integrity: sha1-6D46fj8wCzTLnYf2FfoMvzV2kO4=}
    dev: true

  /base/0.11.2:
    resolution: {integrity: sha1-e95c7RRbbVUakNuH+DxVi060io8=}
    engines: {node: '>=0.10.0'}
    dependencies:
      cache-base: 1.0.1
      class-utils: 0.3.6
      component-emitter: 1.3.0
      define-property: 1.0.0
      isobject: 3.0.1
      mixin-deep: 1.3.2
      pascalcase: 0.1.1
    dev: true

  /binary-extensions/1.13.1:
    resolution: {integrity: sha1-WYr+VHVbKGilMw0q/51Ou1Mgm2U=}
    engines: {node: '>=0.10.0'}
    dev: true

  /bindings/1.5.0:
    resolution: {integrity: sha1-EDU8npRTNLwFEabZCzj7x8nFBN8=}
    requiresBuild: true
    dependencies:
      file-uri-to-path: 1.0.0
    dev: true
    optional: true

  /brace-expansion/1.1.11:
    resolution: {integrity: sha1-PH/L9SnYcibz0vUrlm/1Jx60Qd0=}
    dependencies:
      balanced-match: 1.0.2
      concat-map: 0.0.1
    dev: true

  /braces/1.8.5:
    resolution: {integrity: sha1-uneWLhLf+WnWt2cR6RS3N4V79qc=}
    engines: {node: '>=0.10.0'}
    dependencies:
      expand-range: 1.8.2
      preserve: 0.2.0
      repeat-element: 1.1.4
    dev: true

  /braces/2.3.2:
    resolution: {integrity: sha1-WXn9PxTNUxVl5fot8av/8d+u5yk=}
    engines: {node: '>=0.10.0'}
    dependencies:
      arr-flatten: 1.1.0
      array-unique: 0.3.2
      extend-shallow: 2.0.1
      fill-range: 4.0.0
      isobject: 3.0.1
      repeat-element: 1.1.4
      snapdragon: 0.8.2
      snapdragon-node: 2.1.1
      split-string: 3.1.0
      to-regex: 3.0.2
    transitivePeerDependencies:
      - supports-color
    dev: true

  /cache-base/1.0.1:
    resolution: {integrity: sha1-Cn9GQWgxyLZi7jb+TnxZ129marI=}
    engines: {node: '>=0.10.0'}
    dependencies:
      collection-visit: 1.0.0
      component-emitter: 1.3.0
      get-value: 2.0.6
      has-value: 1.0.0
      isobject: 3.0.1
      set-value: 2.0.1
      to-object-path: 0.3.0
      union-value: 1.0.1
      unset-value: 1.0.0
    dev: true

  /chokidar/1.7.0:
    resolution: {integrity: sha1-eY5ol3gVHIB2tLNg5e3SjNortGg=}
    dependencies:
      anymatch: 1.3.2
      async-each: 1.0.5
      glob-parent: 2.0.0
      inherits: 2.0.4
      is-binary-path: 1.0.1
      is-glob: 2.0.1
      path-is-absolute: 1.0.1
      readdirp: 2.2.1
    optionalDependencies:
      fsevents: 1.2.13
    transitivePeerDependencies:
      - supports-color
    dev: true

  /class-utils/0.3.6:
    resolution: {integrity: sha1-+TNprouafOAv1B+q0MqDAzGQxGM=}
    engines: {node: '>=0.10.0'}
    dependencies:
      arr-union: 3.1.0
      define-property: 0.2.5
      isobject: 3.0.1
      static-extend: 0.1.2
    dev: true

  /collection-visit/1.0.0:
    resolution: {integrity: sha1-S8A3PBZLwykbTTaMgpzxqApZ3KA=}
    engines: {node: '>=0.10.0'}
    dependencies:
      map-visit: 1.0.0
      object-visit: 1.0.1
    dev: true

  /component-emitter/1.3.0:
    resolution: {integrity: sha1-FuQHD7qK4ptnnyIVhT7hgasuq8A=}
    dev: true

  /concat-map/0.0.1:
    resolution: {integrity: sha1-2Klr13/Wjfd5OnMDajug1UBdR3s=}
    dev: true

  /copy-descriptor/0.1.1:
    resolution: {integrity: sha1-Z29us8OZl8LuGsOpJP1hJHSPV40=}
    engines: {node: '>=0.10.0'}
    dev: true

  /core-js/2.6.12:
    resolution: {integrity: sha1-2TM9+nsGXjR8xWgiGdb2kIWcwuw=}
    requiresBuild: true
    dev: true

  /core-util-is/1.0.3:
    resolution: {integrity: sha1-pgQtNjTCsn6TKPg3uWX6yDgI24U=}
    dev: true

  /cpx/1.5.0:
    resolution: {integrity: sha1-GFvgGFEdhycN7czCkxceN2VauI8=}
    hasBin: true
    dependencies:
      babel-runtime: 6.26.0
      chokidar: 1.7.0
      duplexer: 0.1.2
      glob: 7.2.3
      glob2base: 0.0.12
      minimatch: 3.1.2
      mkdirp: 0.5.6
      resolve: 1.22.1
      safe-buffer: 5.2.1
      shell-quote: 1.8.0
      subarg: 1.0.0
    transitivePeerDependencies:
      - supports-color
    dev: true

  /debug/2.6.9:
    resolution: {integrity: sha1-XRKFFd8TT/Mn6QpMk/Tgd6U2NB8=}
    peerDependencies:
      supports-color: '*'
    peerDependenciesMeta:
      supports-color:
        optional: true
    dependencies:
      ms: 2.0.0
    dev: true

  /decode-uri-component/0.2.2:
    resolution: {integrity: sha1-5p2+JdN5QRcd1UDgJMREzVGI4ek=}
    engines: {node: '>=0.10'}
    dev: true

  /define-property/0.2.5:
    resolution: {integrity: sha1-w1se+RjsPJkPmlvFe+BKrOxcgRY=}
    engines: {node: '>=0.10.0'}
    dependencies:
      is-descriptor: 0.1.6
    dev: true

  /define-property/1.0.0:
    resolution: {integrity: sha1-dp66rz9KY6rTr56NMEybvnm/sOY=}
    engines: {node: '>=0.10.0'}
    dependencies:
      is-descriptor: 1.0.2
    dev: true

  /define-property/2.0.2:
    resolution: {integrity: sha1-1Flono1lS6d+AqgX+HENcCyxbp0=}
    engines: {node: '>=0.10.0'}
    dependencies:
      is-descriptor: 1.0.2
      isobject: 3.0.1
    dev: true

  /duplexer/0.1.2:
    resolution: {integrity: sha1-Or5DrvODX4rgd9E23c4PJ2sEAOY=}
    dev: true

  /event-stream/3.3.4:
    resolution: {integrity: sha1-SrTJoPWlTbkzi0w02Gv86PSzVXE=}
    dependencies:
      duplexer: 0.1.2
      from: 0.1.7
      map-stream: 0.1.0
      pause-stream: 0.0.11
      split: 0.3.3
      stream-combiner: 0.0.4
      through: 2.3.8
    dev: true

  /expand-brackets/0.1.5:
    resolution: {integrity: sha1-3wcoTjQqgHzXM6xa9yQR5YHRF3s=}
    engines: {node: '>=0.10.0'}
    dependencies:
      is-posix-bracket: 0.1.1
    dev: true

  /expand-brackets/2.1.4:
    resolution: {integrity: sha1-t3c14xXOMPa27/D4OwQVGiJEliI=}
    engines: {node: '>=0.10.0'}
    dependencies:
      debug: 2.6.9
      define-property: 0.2.5
      extend-shallow: 2.0.1
      posix-character-classes: 0.1.1
      regex-not: 1.0.2
      snapdragon: 0.8.2
      to-regex: 3.0.2
    transitivePeerDependencies:
      - supports-color
    dev: true

  /expand-range/1.8.2:
    resolution: {integrity: sha1-opnv/TNf4nIeuujiV+x5ZE/IUzc=}
    engines: {node: '>=0.10.0'}
    dependencies:
      fill-range: 2.2.4
    dev: true

  /extend-shallow/2.0.1:
    resolution: {integrity: sha1-Ua99YUrZqfYQ6huvu5idaxxWiQ8=}
    engines: {node: '>=0.10.0'}
    dependencies:
      is-extendable: 0.1.1
    dev: true

  /extend-shallow/3.0.2:
    resolution: {integrity: sha1-Jqcarwc7OfshJxcnRhMcJwQCjbg=}
    engines: {node: '>=0.10.0'}
    dependencies:
      assign-symbols: 1.0.0
      is-extendable: 1.0.1
    dev: true

  /extglob/0.3.2:
    resolution: {integrity: sha1-Lhj/PS9JqydlzskCPwEdqo2DSaE=}
    engines: {node: '>=0.10.0'}
    dependencies:
      is-extglob: 1.0.0
    dev: true

  /extglob/2.0.4:
    resolution: {integrity: sha1-rQD+TcYSqSMuhxhxHcXLWrAoVUM=}
    engines: {node: '>=0.10.0'}
    dependencies:
      array-unique: 0.3.2
      define-property: 1.0.0
      expand-brackets: 2.1.4
      extend-shallow: 2.0.1
      fragment-cache: 0.2.1
      regex-not: 1.0.2
      snapdragon: 0.8.2
      to-regex: 3.0.2
    transitivePeerDependencies:
      - supports-color
    dev: true

  /file-uri-to-path/1.0.0:
    resolution: {integrity: sha1-VTp7hEb/b2hDWcRF8eN6BdrMM90=}
    requiresBuild: true
    dev: true
    optional: true

  /filename-regex/2.0.1:
    resolution: {integrity: sha1-wcS5vuPglyXdsQa3XB4wH+LxiyY=}
    engines: {node: '>=0.10.0'}
    dev: true

  /fill-range/2.2.4:
    resolution: {integrity: sha1-6x53OrsFbc2N8r/favWbizqTZWU=}
    engines: {node: '>=0.10.0'}
    dependencies:
      is-number: 2.1.0
      isobject: 2.1.0
      randomatic: 3.1.1
      repeat-element: 1.1.4
      repeat-string: 1.6.1
    dev: true

  /fill-range/4.0.0:
    resolution: {integrity: sha1-1USBHUKPmOsGpj3EAtJAPDKMOPc=}
    engines: {node: '>=0.10.0'}
    dependencies:
      extend-shallow: 2.0.1
      is-number: 3.0.0
      repeat-string: 1.6.1
      to-regex-range: 2.1.1
    dev: true

  /find-index/0.1.1:
    resolution: {integrity: sha1-Z101iyyjiS15Whq0cjL4tuLg3eQ=}
    dev: true

  /for-in/1.0.2:
    resolution: {integrity: sha1-gQaNKVqBQuwKxybG4iAMMPttXoA=}
    engines: {node: '>=0.10.0'}
    dev: true

  /for-own/0.1.5:
    resolution: {integrity: sha1-UmXGgaTylNq78XyVCbZ2OqhFEM4=}
    engines: {node: '>=0.10.0'}
    dependencies:
      for-in: 1.0.2
    dev: true

  /fragment-cache/0.2.1:
    resolution: {integrity: sha1-QpD60n8T6Jvn8zeZxrxaCr//DRk=}
    engines: {node: '>=0.10.0'}
    dependencies:
      map-cache: 0.2.2
    dev: true

  /from/0.1.7:
    resolution: {integrity: sha1-g8YK/Fi5xWmXAH7Rp2izqzA6RP4=}
    dev: true

  /fs.realpath/1.0.0:
    resolution: {integrity: sha1-FQStJSMVjKpA20onh8sBQRmU6k8=}
    dev: true

  /fsevents/1.2.13:
    resolution: {integrity: sha1-8yXLBFVZJCi88Rs4M3DvcOO/zDg=}
    engines: {node: '>= 4.0'}
    os: [darwin]
    requiresBuild: true
    dependencies:
      bindings: 1.5.0
      nan: 2.17.0
    dev: true
    optional: true

  /function-bind/1.1.1:
    resolution: {integrity: sha1-pWiZ0+o8m6uHS7l3O3xe3pL0iV0=}
    dev: true

  /get-value/2.0.6:
    resolution: {integrity: sha1-3BXKHGcjh8p2vTesCjlbogQqLCg=}
    engines: {node: '>=0.10.0'}
    dev: true

  /glob-base/0.3.0:
    resolution: {integrity: sha1-27Fk9iIbHAscz4Kuoyi0l98Oo8Q=}
    engines: {node: '>=0.10.0'}
    dependencies:
      glob-parent: 2.0.0
      is-glob: 2.0.1
    dev: true

  /glob-parent/2.0.0:
    resolution: {integrity: sha1-gTg9ctsFT8zPUzbaqQLxgvbtuyg=}
    dependencies:
      is-glob: 2.0.1
    dev: true

  /glob/7.2.3:
    resolution: {integrity: sha1-uN8PuAK7+o6JvR2Ti04WV47UTys=}
    dependencies:
      fs.realpath: 1.0.0
      inflight: 1.0.6
      inherits: 2.0.4
      minimatch: 3.1.2
      once: 1.4.0
      path-is-absolute: 1.0.1
    dev: true

  /glob2base/0.0.12:
    resolution: {integrity: sha1-nUGbPijxLoOjYhZKJ3BVkiycDVY=}
    engines: {node: '>= 0.10'}
    dependencies:
      find-index: 0.1.1
    dev: true

  /graceful-fs/4.2.10:
    resolution: {integrity: sha1-FH06AG2kyjzhRyjHrvwofDZ9emw=}
    dev: true

  /has-value/0.3.1:
    resolution: {integrity: sha1-ex9YutpiyoJ+wKIHgCVlSEWZXh8=}
    engines: {node: '>=0.10.0'}
    dependencies:
      get-value: 2.0.6
      has-values: 0.1.4
      isobject: 2.1.0
    dev: true

  /has-value/1.0.0:
    resolution: {integrity: sha1-GLKB2lhbHFxR3vJMkw7SmgvmsXc=}
    engines: {node: '>=0.10.0'}
    dependencies:
      get-value: 2.0.6
      has-values: 1.0.0
      isobject: 3.0.1
    dev: true

  /has-values/0.1.4:
    resolution: {integrity: sha1-bWHeldkd/Km5oCCJrThL/49it3E=}
    engines: {node: '>=0.10.0'}
    dev: true

  /has-values/1.0.0:
    resolution: {integrity: sha1-lbC2P+whRmGab+V/51Yo1aOe/k8=}
    engines: {node: '>=0.10.0'}
    dependencies:
      is-number: 3.0.0
      kind-of: 4.0.0
    dev: true

  /has/1.0.3:
    resolution: {integrity: sha1-ci18v8H2qoJB8W3YFOAR4fQeh5Y=}
    engines: {node: '>= 0.4.0'}
    dependencies:
      function-bind: 1.1.1
    dev: true

  /if-env/1.0.4:
    resolution: {integrity: sha1-iytr0wivhqOhm7JzQmdhCFEEh4s=}
    hasBin: true
    dependencies:
      npm-run-all: 1.4.0
    dev: true

  /inflight/1.0.6:
    resolution: {integrity: sha1-Sb1jMdfQLQwJvJEKEHW6gWW1bfk=}
    dependencies:
      once: 1.4.0
      wrappy: 1.0.2
    dev: true

  /inherits/2.0.4:
    resolution: {integrity: sha1-D6LGT5MpF8NDOg3tVTY6rjdBa3w=}
    dev: true

  /is-accessor-descriptor/0.1.6:
    resolution: {integrity: sha1-qeEss66Nh2cn7u84Q/igiXtcmNY=}
    engines: {node: '>=0.10.0'}
    dependencies:
      kind-of: 3.2.2
    dev: true

  /is-accessor-descriptor/1.0.0:
    resolution: {integrity: sha1-FpwvbT3x+ZJhgHI2XJsOofaHhlY=}
    engines: {node: '>=0.10.0'}
    dependencies:
      kind-of: 6.0.3
    dev: true

  /is-binary-path/1.0.1:
    resolution: {integrity: sha1-dfFmQrSA8YenEcgUFh/TpKdlWJg=}
    engines: {node: '>=0.10.0'}
    dependencies:
      binary-extensions: 1.13.1
    dev: true

  /is-buffer/1.1.6:
    resolution: {integrity: sha1-76ouqdqg16suoTqXsritUf776L4=}
    dev: true

  /is-core-module/2.11.0:
    resolution: {integrity: sha1-rUyz44Y+gUUjyW8/WNJsxXD/AUQ=}
    dependencies:
      has: 1.0.3
    dev: true

  /is-data-descriptor/0.1.4:
    resolution: {integrity: sha1-C17mSDiOLIYCgueT8YVv7D8wG1Y=}
    engines: {node: '>=0.10.0'}
    dependencies:
      kind-of: 3.2.2
    dev: true

  /is-data-descriptor/1.0.0:
    resolution: {integrity: sha1-2Eh2Mh0Oet0DmQQGq7u9NrqSaMc=}
    engines: {node: '>=0.10.0'}
    dependencies:
      kind-of: 6.0.3
    dev: true

  /is-descriptor/0.1.6:
    resolution: {integrity: sha1-Nm2CQN3kh8pRgjsaufB6EKeCUco=}
    engines: {node: '>=0.10.0'}
    dependencies:
      is-accessor-descriptor: 0.1.6
      is-data-descriptor: 0.1.4
      kind-of: 5.1.0
    dev: true

  /is-descriptor/1.0.2:
    resolution: {integrity: sha1-OxWXRqZmBLBPjIFSS6NlxfFNhuw=}
    engines: {node: '>=0.10.0'}
    dependencies:
      is-accessor-descriptor: 1.0.0
      is-data-descriptor: 1.0.0
      kind-of: 6.0.3
    dev: true

  /is-dotfile/1.0.3:
    resolution: {integrity: sha1-pqLzL/0t+wT1yiXs0Pa4PPeYoeE=}
    engines: {node: '>=0.10.0'}
    dev: true

  /is-equal-shallow/0.1.3:
    resolution: {integrity: sha1-IjgJj8Ih3gvPpdnqxMRdY4qhxTQ=}
    engines: {node: '>=0.10.0'}
    dependencies:
      is-primitive: 2.0.0
    dev: true

  /is-extendable/0.1.1:
    resolution: {integrity: sha1-YrEQ4omkcUGOPsNqYX1HLjAd/Ik=}
    engines: {node: '>=0.10.0'}
    dev: true

  /is-extendable/1.0.1:
    resolution: {integrity: sha1-p0cPnkJnM9gb2B4RVSZOOjUHyrQ=}
    engines: {node: '>=0.10.0'}
    dependencies:
      is-plain-object: 2.0.4
    dev: true

  /is-extglob/1.0.0:
    resolution: {integrity: sha1-rEaBd8SUNAWgkvyPKXYMb/xiBsA=}
    engines: {node: '>=0.10.0'}
    dev: true

  /is-glob/2.0.1:
    resolution: {integrity: sha1-0Jb5JqPe1WAPP9/ZEZjLCIjC2GM=}
    engines: {node: '>=0.10.0'}
    dependencies:
      is-extglob: 1.0.0
    dev: true

  /is-number/2.1.0:
    resolution: {integrity: sha1-Afy7s5NGOlSPL0ZszhbezknbkI8=}
    engines: {node: '>=0.10.0'}
    dependencies:
      kind-of: 3.2.2
    dev: true

  /is-number/3.0.0:
    resolution: {integrity: sha1-JP1iAaR4LPUFYcgQJ2r8fRLXEZU=}
    engines: {node: '>=0.10.0'}
    dependencies:
      kind-of: 3.2.2
    dev: true

  /is-number/4.0.0:
    resolution: {integrity: sha1-ACbjf1RU1z41bf5lZGmYZ8an8P8=}
    engines: {node: '>=0.10.0'}
    dev: true

  /is-plain-object/2.0.4:
    resolution: {integrity: sha1-LBY7P6+xtgbZ0Xko8FwqHDjgdnc=}
    engines: {node: '>=0.10.0'}
    dependencies:
      isobject: 3.0.1
    dev: true

  /is-posix-bracket/0.1.1:
    resolution: {integrity: sha1-MzTceXdDaOkvAW5vvAqI9c1ua8Q=}
    engines: {node: '>=0.10.0'}
    dev: true

  /is-primitive/2.0.0:
    resolution: {integrity: sha1-IHurkWOEmcB7Kt8kCkGochADRXU=}
    engines: {node: '>=0.10.0'}
    dev: true

  /is-windows/1.0.2:
    resolution: {integrity: sha1-0YUOuXkezRjmGCzhKjDzlmNLsZ0=}
    engines: {node: '>=0.10.0'}
    dev: true

  /isarray/1.0.0:
    resolution: {integrity: sha1-u5NdSFgsuhaMBoNJV6VKPgcSTxE=}
    dev: true

  /isexe/2.0.0:
    resolution: {integrity: sha1-6PvzdNxVb/iUehDcsFctYz8s+hA=}
    dev: true

  /isobject/2.1.0:
    resolution: {integrity: sha1-8GVWEJaj8dou9GJy+BXIQNh+DIk=}
    engines: {node: '>=0.10.0'}
    dependencies:
      isarray: 1.0.0
    dev: true

  /isobject/3.0.1:
    resolution: {integrity: sha1-TkMekrEalzFjaqH5yNHMvP2reN8=}
    engines: {node: '>=0.10.0'}
    dev: true

  /kind-of/3.2.2:
    resolution: {integrity: sha1-MeohpzS6ubuw8yRm2JOupR5KPGQ=}
    engines: {node: '>=0.10.0'}
    dependencies:
      is-buffer: 1.1.6
    dev: true

  /kind-of/4.0.0:
    resolution: {integrity: sha1-IIE989cSkosgc3hpGkUGb65y3Vc=}
    engines: {node: '>=0.10.0'}
    dependencies:
      is-buffer: 1.1.6
    dev: true

  /kind-of/5.1.0:
    resolution: {integrity: sha1-cpyR4thXt6QZofmqZWhcTDP1hF0=}
    engines: {node: '>=0.10.0'}
    dev: true

  /kind-of/6.0.3:
    resolution: {integrity: sha1-B8BQNKbDSfoG4k+jWqdttFgM5N0=}
    engines: {node: '>=0.10.0'}
    dev: true

  /map-cache/0.2.2:
    resolution: {integrity: sha1-wyq9C9ZSXZsFFkW7TyasXcmKDb8=}
    engines: {node: '>=0.10.0'}
    dev: true

  /map-stream/0.1.0:
    resolution: {integrity: sha1-5WqpTEyAVaFkBKBnS3jyFffI4ZQ=}
    dev: true

  /map-visit/1.0.0:
    resolution: {integrity: sha1-7Nyo8TFE5mDxtb1B8S80edmN+48=}
    engines: {node: '>=0.10.0'}
    dependencies:
      object-visit: 1.0.1
    dev: true

  /math-random/1.0.4:
    resolution: {integrity: sha1-XdaUPJOFSCZwFtTjTwV1gwgMUUw=}
    dev: true

  /micromatch/2.3.11:
    resolution: {integrity: sha1-hmd8l9FyCzY0MdBNDRUpO9OMFWU=}
    engines: {node: '>=0.10.0'}
    dependencies:
      arr-diff: 2.0.0
      array-unique: 0.2.1
      braces: 1.8.5
      expand-brackets: 0.1.5
      extglob: 0.3.2
      filename-regex: 2.0.1
      is-extglob: 1.0.0
      is-glob: 2.0.1
      kind-of: 3.2.2
      normalize-path: 2.1.1
      object.omit: 2.0.1
      parse-glob: 3.0.4
      regex-cache: 0.4.4
    dev: true

  /micromatch/3.1.10:
    resolution: {integrity: sha1-cIWbyVyYQJUvNZoGij/En57PrCM=}
    engines: {node: '>=0.10.0'}
    dependencies:
      arr-diff: 4.0.0
      array-unique: 0.3.2
      braces: 2.3.2
      define-property: 2.0.2
      extend-shallow: 3.0.2
      extglob: 2.0.4
      fragment-cache: 0.2.1
      kind-of: 6.0.3
      nanomatch: 1.2.13
      object.pick: 1.3.0
      regex-not: 1.0.2
      snapdragon: 0.8.2
      to-regex: 3.0.2
    transitivePeerDependencies:
      - supports-color
    dev: true

  /minimatch/3.1.2:
    resolution: {integrity: sha1-Gc0ZS/0+Qo8EmnCBfAONiatL41s=}
    dependencies:
      brace-expansion: 1.1.11
    dev: true

  /minimist/1.2.7:
    resolution: {integrity: sha1-2qHE2R9Qc5BDfGqLwBB45wAMTRg=}
    dev: true

  /mixin-deep/1.3.2:
    resolution: {integrity: sha1-ESC0PcNZp4Xc5ltVuC4lfM9HlWY=}
    engines: {node: '>=0.10.0'}
    dependencies:
      for-in: 1.0.2
      is-extendable: 1.0.1
    dev: true

  /mkdirp/0.5.6:
    resolution: {integrity: sha1-fe8D0kMtyuS6HWEURcSDlgYiVfY=}
    hasBin: true
    dependencies:
      minimist: 1.2.7
    dev: true

  /ms/2.0.0:
    resolution: {integrity: sha1-VgiurfwAvmwpAd9fmGF4jeDVl8g=}
    dev: true

  /nan/2.17.0:
    resolution: {integrity: sha1-wBUKI2ihgvAz6apRlex26kGhmcs=}
    requiresBuild: true
    dev: true
    optional: true

  /nanomatch/1.2.13:
    resolution: {integrity: sha1-uHqKpPwN6P5r6IiVs4mD/yZb0Rk=}
    engines: {node: '>=0.10.0'}
    dependencies:
      arr-diff: 4.0.0
      array-unique: 0.3.2
      define-property: 2.0.2
      extend-shallow: 3.0.2
      fragment-cache: 0.2.1
      is-windows: 1.0.2
      kind-of: 6.0.3
      object.pick: 1.3.0
      regex-not: 1.0.2
      snapdragon: 0.8.2
      to-regex: 3.0.2
    transitivePeerDependencies:
      - supports-color
    dev: true

  /normalize-path/2.1.1:
    resolution: {integrity: sha1-GrKLVW4Zg2Oowab35vogE3/mrtk=}
    engines: {node: '>=0.10.0'}
    dependencies:
      remove-trailing-separator: 1.1.0
    dev: true

  /npm-run-all/1.4.0:
    resolution: {integrity: sha1-pGm7n+q+W/OqmRaDO69ndlguiUg=}
    hasBin: true
    dependencies:
      babel-polyfill: 6.26.0
      minimatch: 3.1.2
      ps-tree: 1.2.0
      shell-quote: 1.8.0
      which: 1.3.1
    dev: true

  /object-copy/0.1.0:
    resolution: {integrity: sha1-fn2Fi3gb18mRpBupde04EnVOmYw=}
    engines: {node: '>=0.10.0'}
    dependencies:
      copy-descriptor: 0.1.1
      define-property: 0.2.5
      kind-of: 3.2.2
    dev: true

  /object-visit/1.0.1:
    resolution: {integrity: sha1-95xEk68MU3e1n+OdOV5BBC3QRbs=}
    engines: {node: '>=0.10.0'}
    dependencies:
      isobject: 3.0.1
    dev: true

  /object.omit/2.0.1:
    resolution: {integrity: sha1-Gpx0SCnznbuFjHbKNXmuKlTr0fo=}
    engines: {node: '>=0.10.0'}
    dependencies:
      for-own: 0.1.5
      is-extendable: 0.1.1
    dev: true

  /object.pick/1.3.0:
    resolution: {integrity: sha1-h6EKxMFpS9Lhy/U1kaZhQftd10c=}
    engines: {node: '>=0.10.0'}
    dependencies:
      isobject: 3.0.1
    dev: true

  /once/1.4.0:
    resolution: {integrity: sha1-WDsap3WWHUsROsF9nFC6753Xa9E=}
    dependencies:
      wrappy: 1.0.2
    dev: true

  /parse-glob/3.0.4:
    resolution: {integrity: sha1-ssN2z7EfNVE7rdFz7wu246OIORw=}
    engines: {node: '>=0.10.0'}
    dependencies:
      glob-base: 0.3.0
      is-dotfile: 1.0.3
      is-extglob: 1.0.0
      is-glob: 2.0.1
    dev: true

  /pascalcase/0.1.1:
    resolution: {integrity: sha1-s2PlXoAGym/iF4TS2yK9FdeRfxQ=}
    engines: {node: '>=0.10.0'}
    dev: true

  /path-is-absolute/1.0.1:
    resolution: {integrity: sha1-F0uSaHNVNP+8es5r9TpanhtcX18=}
    engines: {node: '>=0.10.0'}
    dev: true

  /path-parse/1.0.7:
    resolution: {integrity: sha1-+8EUtgykKzDZ2vWFjkvWi77bZzU=}
    dev: true

  /pause-stream/0.0.11:
    resolution: {integrity: sha1-/lo0sMvOErWqaitAPuLnO2AvFEU=}
    dependencies:
      through: 2.3.8
    dev: true

  /posix-character-classes/0.1.1:
    resolution: {integrity: sha1-AerA/jta9xoqbAL+q7jB/vfgDqs=}
    engines: {node: '>=0.10.0'}
    dev: true

  /preserve/0.2.0:
    resolution: {integrity: sha1-gV7R9uvGWSb4ZbMQwHE7yzMVzks=}
    engines: {node: '>=0.10.0'}
    dev: true

  /process-nextick-args/2.0.1:
    resolution: {integrity: sha1-eCDZsWEgzFXKmud5JoCufbptf+I=}
    dev: true

  /ps-tree/1.2.0:
    resolution: {integrity: sha1-XnQluJUIc2zdTyIk0Cj3uz9yLr0=}
    engines: {node: '>= 0.10'}
    hasBin: true
    dependencies:
      event-stream: 3.3.4
    dev: true

  /randomatic/3.1.1:
    resolution: {integrity: sha1-t3bvxZN1mE42xTey9RofCv8Noe0=}
    engines: {node: '>= 0.10.0'}
    dependencies:
      is-number: 4.0.0
      kind-of: 6.0.3
      math-random: 1.0.4
    dev: true

  /readable-stream/2.3.7:
    resolution: {integrity: sha1-Hsoc9xGu+BTAT2IlKjamL2yyO1c=}
    dependencies:
      core-util-is: 1.0.3
      inherits: 2.0.4
      isarray: 1.0.0
      process-nextick-args: 2.0.1
      safe-buffer: 5.1.2
      string_decoder: 1.1.1
      util-deprecate: 1.0.2
    dev: true

  /readdirp/2.2.1:
    resolution: {integrity: sha1-DodiKjMlqjPokihcr4tOhGUppSU=}
    engines: {node: '>=0.10'}
    dependencies:
      graceful-fs: 4.2.10
      micromatch: 3.1.10
      readable-stream: 2.3.7
    transitivePeerDependencies:
      - supports-color
    dev: true

  /regenerator-runtime/0.10.5:
    resolution: {integrity: sha1-M2w+/BIgrc7dosn6tntaeVWjNlg=}
    dev: true

  /regenerator-runtime/0.11.1:
    resolution: {integrity: sha1-vgWtf5v30i4Fb5cmzuUBf78Z4uk=}
    dev: true

  /regex-cache/0.4.4:
    resolution: {integrity: sha1-db3FiioUls7EihKDW8VMjVYjNt0=}
    engines: {node: '>=0.10.0'}
    dependencies:
      is-equal-shallow: 0.1.3
    dev: true

  /regex-not/1.0.2:
    resolution: {integrity: sha1-H07OJ+ALC2XgJHpoEOaoXYOldSw=}
    engines: {node: '>=0.10.0'}
    dependencies:
      extend-shallow: 3.0.2
      safe-regex: 1.1.0
    dev: true

  /remove-trailing-separator/1.1.0:
    resolution: {integrity: sha1-wkvOKig62tW8P1jg1IJJuSN52O8=}
    dev: true

  /repeat-element/1.1.4:
    resolution: {integrity: sha1-vmgVIIR6tYx1aKx1+/rSjtQtOek=}
    engines: {node: '>=0.10.0'}
    dev: true

  /repeat-string/1.6.1:
    resolution: {integrity: sha1-jcrkcOHIirwtYA//Sndihtp15jc=}
    engines: {node: '>=0.10'}
    dev: true

  /resolve-url/0.2.1:
    resolution: {integrity: sha1-LGN/53yJOv0qZj/iGqkIAGjiBSo=}
    dev: true

  /resolve/1.22.1:
    resolution: {integrity: sha1-J8suu1P5GrtJRwqSi7p1WAZqwXc=}
    hasBin: true
    dependencies:
      is-core-module: 2.11.0
      path-parse: 1.0.7
      supports-preserve-symlinks-flag: 1.0.0
    dev: true

  /ret/0.1.15:
    resolution: {integrity: sha1-uKSCXVvbH8P29Twrwz+BOIaBx7w=}
    engines: {node: '>=0.12'}
    dev: true

  /rimraf/4.1.2:
    resolution: {integrity: sha1-IN+8mAg736oosBGDFiiF7yE9v3w=}
    engines: {node: '>=14'}
    hasBin: true
    dev: true

  /safe-buffer/5.1.2:
    resolution: {integrity: sha1-mR7GnSluAxN0fVm9/St0XDX4go0=}
    dev: true

  /safe-buffer/5.2.1:
    resolution: {integrity: sha1-Hq+fqb2x/dTsdfWPnNtOa3gn7sY=}
    dev: true

  /safe-regex/1.1.0:
    resolution: {integrity: sha1-QKNmnzsHfR6UPURinhV91IAjvy4=}
    dependencies:
      ret: 0.1.15
    dev: true

  /set-value/2.0.1:
    resolution: {integrity: sha1-oY1AUw5vB95CKMfe/kInr4ytAFs=}
    engines: {node: '>=0.10.0'}
    dependencies:
      extend-shallow: 2.0.1
      is-extendable: 0.1.1
      is-plain-object: 2.0.4
      split-string: 3.1.0
    dev: true

  /shell-quote/1.8.0:
    resolution: {integrity: sha1-INB40Or3HVT0O9K6FKG1ub+lyLo=}
    dev: true

  /snapdragon-node/2.1.1:
    resolution: {integrity: sha1-bBdfhv8UvbByRWPo88GwIaKGhTs=}
    engines: {node: '>=0.10.0'}
    dependencies:
      define-property: 1.0.0
      isobject: 3.0.1
      snapdragon-util: 3.0.1
    dev: true

  /snapdragon-util/3.0.1:
    resolution: {integrity: sha1-+VZHlIbyrNeXAGk/b3uAXkWrVuI=}
    engines: {node: '>=0.10.0'}
    dependencies:
      kind-of: 3.2.2
    dev: true

  /snapdragon/0.8.2:
    resolution: {integrity: sha1-ZJIufFZbDhQgS6GqfWlkJ40lGC0=}
    engines: {node: '>=0.10.0'}
    dependencies:
      base: 0.11.2
      debug: 2.6.9
      define-property: 0.2.5
      extend-shallow: 2.0.1
      map-cache: 0.2.2
      source-map: 0.5.7
      source-map-resolve: 0.5.3
      use: 3.1.1
    transitivePeerDependencies:
      - supports-color
    dev: true

  /source-map-resolve/0.5.3:
    resolution: {integrity: sha1-GQhmvs51U+H48mei7oLGBrVQmho=}
    dependencies:
      atob: 2.1.2
      decode-uri-component: 0.2.2
      resolve-url: 0.2.1
      source-map-url: 0.4.1
      urix: 0.1.0
    dev: true

  /source-map-url/0.4.1:
    resolution: {integrity: sha1-CvZmBadFpaL5HPG7+KevvCg97FY=}
    dev: true

  /source-map/0.5.7:
    resolution: {integrity: sha1-igOdLRAh0i0eoUyA2OpGi6LvP8w=}
    engines: {node: '>=0.10.0'}
    dev: true

  /split-string/3.1.0:
    resolution: {integrity: sha1-fLCd2jqGWFcFxks5pkZgOGguj+I=}
    engines: {node: '>=0.10.0'}
    dependencies:
      extend-shallow: 3.0.2
    dev: true

  /split/0.3.3:
    resolution: {integrity: sha1-zQ7qXmOiEd//frDwkcQTPi0N0o8=}
    dependencies:
      through: 2.3.8
    dev: true

  /static-extend/0.1.2:
    resolution: {integrity: sha1-YICcOcv/VTNyJv1eC1IPNB8ftcY=}
    engines: {node: '>=0.10.0'}
    dependencies:
      define-property: 0.2.5
      object-copy: 0.1.0
    dev: true

  /stream-combiner/0.0.4:
    resolution: {integrity: sha1-TV5DPBhSYd3mI8o/RMWGvPXErRQ=}
    dependencies:
      duplexer: 0.1.2
    dev: true

  /string_decoder/1.1.1:
    resolution: {integrity: sha1-nPFhG6YmhdcDCunkujQUnDrwP8g=}
    dependencies:
      safe-buffer: 5.1.2
    dev: true

  /subarg/1.0.0:
    resolution: {integrity: sha1-9izxdYHplrSPyWVpn1TAauJouNI=}
    dependencies:
      minimist: 1.2.7
    dev: true

  /supports-preserve-symlinks-flag/1.0.0:
    resolution: {integrity: sha1-btpL00SjyUrqN21MwxvHcxEDngk=}
    engines: {node: '>= 0.4'}
    dev: true

  /through/2.3.8:
    resolution: {integrity: sha1-DdTJ/6q8NXlgsbckEV1+Doai4fU=}
    dev: true

  /to-object-path/0.3.0:
    resolution: {integrity: sha1-KXWIt7Dn4KwI4E5nL4XB9JmeF68=}
    engines: {node: '>=0.10.0'}
    dependencies:
      kind-of: 3.2.2
    dev: true

  /to-regex-range/2.1.1:
    resolution: {integrity: sha1-fIDBe53+vlmeJzZ+DU3VWQFB2zg=}
    engines: {node: '>=0.10.0'}
    dependencies:
      is-number: 3.0.0
      repeat-string: 1.6.1
    dev: true

  /to-regex/3.0.2:
    resolution: {integrity: sha1-E8/dmzNlUvMLUfM6iuG0Knp1mc4=}
    engines: {node: '>=0.10.0'}
    dependencies:
      define-property: 2.0.2
      extend-shallow: 3.0.2
      regex-not: 1.0.2
      safe-regex: 1.1.0
    dev: true

  /typescript/4.9.5:
    resolution: {integrity: sha1-CVl5+bzA0J2jJNWNA86Pg3TL5lo=}
    engines: {node: '>=4.2.0'}
    hasBin: true
    dev: true

  /union-value/1.0.1:
    resolution: {integrity: sha1-C2/nuDWuzaYcbqTU8CwUIh4QmEc=}
    engines: {node: '>=0.10.0'}
    dependencies:
      arr-union: 3.1.0
      get-value: 2.0.6
      is-extendable: 0.1.1
      set-value: 2.0.1
    dev: true

  /unset-value/1.0.0:
    resolution: {integrity: sha1-g3aHP30jNRef+x5vw6jtDfyKtVk=}
    engines: {node: '>=0.10.0'}
    dependencies:
      has-value: 0.3.1
      isobject: 3.0.1
    dev: true

  /urix/0.1.0:
    resolution: {integrity: sha1-2pN/emLiH+wf0Y1Js1wpNQZ6bHI=}
    dev: true

  /use/3.1.1:
    resolution: {integrity: sha1-1QyMrHmhn7wg8pEfVuuXP04QBw8=}
    engines: {node: '>=0.10.0'}
    dev: true

  /util-deprecate/1.0.2:
    resolution: {integrity: sha1-RQ1Nyfpw3nMnYvvS1KKJgUGaDM8=}
    dev: true

  /which/1.3.1:
    resolution: {integrity: sha1-pFBD1U9YBTFtqNYvn1CRjT2nCwo=}
    hasBin: true
    dependencies:
      isexe: 2.0.0
    dev: true

  /wrappy/1.0.2:
    resolution: {integrity: sha1-tSQ9jz7BqjXxNkYFvA0QNuMKtp8=}
    dev: true
